
Microsoft Visual Studio Solution File, Format Version 12.00
# Visual Studio 14
VisualStudioVersion = 14.0.25420.1
MinimumVisualStudioVersion = 10.0.40219.1
Project("{8BB2217D-0F2D-49D1-97BC-3654ED321F3B}") = "Angular2SPAApp", "Angular2SPAApp\Angular2SPAApp.xproj", "{481775D5-9ACA-469E-BDF9-C9D4A17D6614}"
EndProject
Project("{8BB2217D-0F2D-49D1-97BC-3654ED321F3B}") = "Angular2SPAApp.ServiceInterface", "Angular2SPAApp.ServiceInterface\Angular2SPAApp.ServiceInterface.xproj", "{1B6223B3-18C1-49FC-B636-FA8044B392A6}"
EndProject
Project("{8BB2217D-0F2D-49D1-97BC-3654ED321F3B}") = "Angular2SPAApp.ServiceModel", "Angular2SPAApp.ServiceModel\Angular2SPAApp.ServiceModel.xproj", "{615FC8FF-8E9C-4874-A5ED-7D7BB30BE62A}"
EndProject
Project("{8BB2217D-0F2D-49D1-97BC-3654ED321F3B}") = "Angular2SPAApp.Tests", "Angular2SPAApp.Tests\Angular2SPAApp.Tests.xproj", "{15878D27-FA4C-409B-B775-7EF1613F446A}"
EndProject
Global
	GlobalSection(SolutionConfigurationPlatforms) = preSolution
		Debug|Any CPU = Debug|Any CPU
		Release|Any CPU = Release|Any CPU
	EndGlobalSection
	GlobalSection(ProjectConfigurationPlatforms) = postSolution
		{481775D5-9ACA-469E-BDF9-C9D4A17D6614}.Debug|Any CPU.ActiveCfg = Debug|Any CPU
		{481775D5-9ACA-469E-BDF9-C9D4A17D6614}.Debug|Any CPU.Build.0 = Debug|Any CPU
		{481775D5-9ACA-469E-BDF9-C9D4A17D6614}.Release|Any CPU.ActiveCfg = Release|Any CPU
		{481775D5-9ACA-469E-BDF9-C9D4A17D6614}.Release|Any CPU.Build.0 = Release|Any CPU
		{1B6223B3-18C1-49FC-B636-FA8044B392A6}.Debug|Any CPU.ActiveCfg = Debug|Any CPU
		{1B6223B3-18C1-49FC-B636-FA8044B392A6}.Debug|Any CPU.Build.0 = Debug|Any CPU
		{1B6223B3-18C1-49FC-B636-FA8044B392A6}.Release|Any CPU.ActiveCfg = Release|Any CPU
		{1B6223B3-18C1-49FC-B636-FA8044B392A6}.Release|Any CPU.Build.0 = Release|Any CPU
		{615FC8FF-8E9C-4874-A5ED-7D7BB30BE62A}.Debug|Any CPU.ActiveCfg = Debug|Any CPU
		{615FC8FF-8E9C-4874-A5ED-7D7BB30BE62A}.Debug|Any CPU.Build.0 = Debug|Any CPU
		{615FC8FF-8E9C-4874-A5ED-7D7BB30BE62A}.Release|Any CPU.ActiveCfg = Release|Any CPU
		{615FC8FF-8E9C-4874-A5ED-7D7BB30BE62A}.Release|Any CPU.Build.0 = Release|Any CPU
		{15878D27-FA4C-409B-B775-7EF1613F446A}.Debug|Any CPU.ActiveCfg = Debug|Any CPU
		{15878D27-FA4C-409B-B775-7EF1613F446A}.Debug|Any CPU.Build.0 = Debug|Any CPU
		{15878D27-FA4C-409B-B775-7EF1613F446A}.Release|Any CPU.ActiveCfg = Release|Any CPU
		{15878D27-FA4C-409B-B775-7EF1613F446A}.Release|Any CPU.Build.0 = Release|Any CPU
	EndGlobalSection
	GlobalSection(SolutionProperties) = preSolution
		HideSolutionNode = FALSE
	EndGlobalSection
EndGlobal
