
Microsoft Visual Studio Solution File, Format Version 12.00
# Visual Studio 15
VisualStudioVersion = 15.0.26403.3
MinimumVisualStudioVersion = 10.0.40219.1
Project("{9A19103F-16F7-4668-BE54-9A1E7A4F7556}") = "SSCoreMvc", "SSCoreMvc\SSCoreMvc.csproj", "{C98DCF72-7B74-4B9B-8A57-2DD3AAEAD96F}"
EndProject
Project("{9A19103F-16F7-4668-BE54-9A1E7A4F7556}") = "SSCoreMvc.ServiceInterface", "SSCoreMvc.ServiceInterface\SSCoreMvc.ServiceInterface.csproj", "{50A5A416-E88C-4DA6-BC85-DCF8770600B5}"
EndProject
Project("{9A19103F-16F7-4668-BE54-9A1E7A4F7556}") = "SSCoreMvc.ServiceModel", "SSCoreMvc.ServiceModel\SSCoreMvc.ServiceModel.csproj", "{84E04285-1E9A-42BC-96AE-4E702C7F11A9}"
EndProject
Project("{9A19103F-16F7-4668-BE54-9A1E7A4F7556}") = "SSCoreMvc.Tests", "SSCoreMvc.Tests\SSCoreMvc.Tests.csproj", "{1FE173FB-07D6-4F49-99DA-A53C0839CFFF}"
EndProject
Global
	GlobalSection(SolutionConfigurationPlatforms) = preSolution
		Debug|Any CPU = Debug|Any CPU
		Release|Any CPU = Release|Any CPU
	EndGlobalSection
	GlobalSection(ProjectConfigurationPlatforms) = postSolution
		{50A5A416-E88C-4DA6-BC85-DCF8770600B5}.Debug|Any CPU.ActiveCfg = Debug|Any CPU
		{50A5A416-E88C-4DA6-BC85-DCF8770600B5}.Debug|Any CPU.Build.0 = Debug|Any CPU
		{50A5A416-E88C-4DA6-BC85-DCF8770600B5}.Release|Any CPU.ActiveCfg = Release|Any CPU
		{50A5A416-E88C-4DA6-BC85-DCF8770600B5}.Release|Any CPU.Build.0 = Release|Any CPU
		{84E04285-1E9A-42BC-96AE-4E702C7F11A9}.Debug|Any CPU.ActiveCfg = Debug|Any CPU
		{84E04285-1E9A-42BC-96AE-4E702C7F11A9}.Debug|Any CPU.Build.0 = Debug|Any CPU
		{84E04285-1E9A-42BC-96AE-4E702C7F11A9}.Release|Any CPU.ActiveCfg = Release|Any CPU
		{84E04285-1E9A-42BC-96AE-4E702C7F11A9}.Release|Any CPU.Build.0 = Release|Any CPU
		{1FE173FB-07D6-4F49-99DA-A53C0839CFFF}.Debug|Any CPU.ActiveCfg = Debug|Any CPU
		{1FE173FB-07D6-4F49-99DA-A53C0839CFFF}.Debug|Any CPU.Build.0 = Debug|Any CPU
		{1FE173FB-07D6-4F49-99DA-A53C0839CFFF}.Release|Any CPU.ActiveCfg = Release|Any CPU
		{1FE173FB-07D6-4F49-99DA-A53C0839CFFF}.Release|Any CPU.Build.0 = Release|Any CPU
		{C98DCF72-7B74-4B9B-8A57-2DD3AAEAD96F}.Debug|Any CPU.ActiveCfg = Debug|Any CPU
		{C98DCF72-7B74-4B9B-8A57-2DD3AAEAD96F}.Debug|Any CPU.Build.0 = Debug|Any CPU
		{C98DCF72-7B74-4B9B-8A57-2DD3AAEAD96F}.Release|Any CPU.ActiveCfg = Release|Any CPU
		{C98DCF72-7B74-4B9B-8A57-2DD3AAEAD96F}.Release|Any CPU.Build.0 = Release|Any CPU
	EndGlobalSection
	GlobalSection(SolutionProperties) = preSolution
		HideSolutionNode = FALSE
	EndGlobalSection
EndGlobal
