
Microsoft Visual Studio Solution File, Format Version 12.00
# Visual Studio 15
VisualStudioVersion = 15.0.26403.3
MinimumVisualStudioVersion = 10.0.40219.1
Project("{FAE04EC0-301F-11D3-BF4B-00C04F79EFBC}") = "SSCoreAngular4", "SSCoreAngular4\SSCoreAngular4.csproj", "{563996F6-E521-485D-9656-875F306630DC}"
EndProject
Project("{FAE04EC0-301F-11D3-BF4B-00C04F79EFBC}") = "SSCoreAngular4.ServiceInterface", "SSCoreAngular4.ServiceInterface\SSCoreAngular4.ServiceInterface.csproj", "{50A5A416-E88C-4DA6-BC85-DCF8770600B5}"
EndProject
Project("{FAE04EC0-301F-11D3-BF4B-00C04F79EFBC}") = "SSCoreAngular4.ServiceModel", "SSCoreAngular4.ServiceModel\SSCoreAngular4.ServiceModel.csproj", "{84E04285-1E9A-42BC-96AE-4E702C7F11A9}"
EndProject
Project("{FAE04EC0-301F-11D3-BF4B-00C04F79EFBC}") = "SSCoreAngular4.Tests", "SSCoreAngular4.Tests\SSCoreAngular4.Tests.csproj", "{1FE173FB-07D6-4F49-99DA-A53C0839CFFF}"
EndProject
Global
	GlobalSection(SolutionConfigurationPlatforms) = preSolution
		Debug|Any CPU = Debug|Any CPU
		Release|Any CPU = Release|Any CPU
	EndGlobalSection
	GlobalSection(ProjectConfigurationPlatforms) = postSolution
		{563996F6-E521-485D-9656-875F306630DC}.Debug|Any CPU.ActiveCfg = Debug|Any CPU
		{563996F6-E521-485D-9656-875F306630DC}.Debug|Any CPU.Build.0 = Debug|Any CPU
		{563996F6-E521-485D-9656-875F306630DC}.Release|Any CPU.ActiveCfg = Release|Any CPU
		{563996F6-E521-485D-9656-875F306630DC}.Release|Any CPU.Build.0 = Release|Any CPU
		{50A5A416-E88C-4DA6-BC85-DCF8770600B5}.Debug|Any CPU.ActiveCfg = Debug|Any CPU
		{50A5A416-E88C-4DA6-BC85-DCF8770600B5}.Debug|Any CPU.Build.0 = Debug|Any CPU
		{50A5A416-E88C-4DA6-BC85-DCF8770600B5}.Release|Any CPU.ActiveCfg = Release|Any CPU
		{50A5A416-E88C-4DA6-BC85-DCF8770600B5}.Release|Any CPU.Build.0 = Release|Any CPU
		{84E04285-1E9A-42BC-96AE-4E702C7F11A9}.Debug|Any CPU.ActiveCfg = Debug|Any CPU
		{84E04285-1E9A-42BC-96AE-4E702C7F11A9}.Debug|Any CPU.Build.0 = Debug|Any CPU
		{84E04285-1E9A-42BC-96AE-4E702C7F11A9}.Release|Any CPU.ActiveCfg = Release|Any CPU
		{84E04285-1E9A-42BC-96AE-4E702C7F11A9}.Release|Any CPU.Build.0 = Release|Any CPU
		{1FE173FB-07D6-4F49-99DA-A53C0839CFFF}.Debug|Any CPU.ActiveCfg = Debug|Any CPU
		{1FE173FB-07D6-4F49-99DA-A53C0839CFFF}.Debug|Any CPU.Build.0 = Debug|Any CPU
		{1FE173FB-07D6-4F49-99DA-A53C0839CFFF}.Release|Any CPU.ActiveCfg = Release|Any CPU
		{1FE173FB-07D6-4F49-99DA-A53C0839CFFF}.Release|Any CPU.Build.0 = Release|Any CPU
	EndGlobalSection
	GlobalSection(SolutionProperties) = preSolution
		HideSolutionNode = FALSE
	EndGlobalSection
EndGlobal
