
Microsoft Visual Studio Solution File, Format Version 12.00
# Visual Studio 14
VisualStudioVersion = 14.0.25420.1
MinimumVisualStudioVersion = 10.0.40219.1
Project("{8BB2217D-0F2D-49D1-97BC-3654ED321F3B}") = "$saferootprojectname$", "$saferootprojectname$\$saferootprojectname$.xproj", "{$guidproj1$}"
EndProject
Project("{8BB2217D-0F2D-49D1-97BC-3654ED321F3B}") = "$saferootprojectname$.ServiceInterface", "$saferootprojectname$.ServiceInterface\$saferootprojectname$.ServiceInterface.xproj", "{$guidproj2$}"
EndProject
Project("{8BB2217D-0F2D-49D1-97BC-3654ED321F3B}") = "$saferootprojectname$.ServiceModel", "$saferootprojectname$.ServiceModel\$saferootprojectname$.ServiceModel.xproj", "{$guidproj3$}"
EndProject
Project("{8BB2217D-0F2D-49D1-97BC-3654ED321F3B}") = "$saferootprojectname$.Tests", "$saferootprojectname$.Tests\$saferootprojectname$.Tests.xproj", "{$guidproj4$}"
EndProject
Global
	GlobalSection(SolutionConfigurationPlatforms) = preSolution
		Debug|Any CPU = Debug|Any CPU
		Release|Any CPU = Release|Any CPU
	EndGlobalSection
	GlobalSection(ProjectConfigurationPlatforms) = postSolution
		{$guidproj1$}.Debug|Any CPU.ActiveCfg = Debug|Any CPU
		{$guidproj1$}.Debug|Any CPU.Build.0 = Debug|Any CPU
		{$guidproj1$}.Release|Any CPU.ActiveCfg = Release|Any CPU
		{$guidproj1$}.Release|Any CPU.Build.0 = Release|Any CPU
		{$guidproj2$}.Debug|Any CPU.ActiveCfg = Debug|Any CPU
		{$guidproj2$}.Debug|Any CPU.Build.0 = Debug|Any CPU
		{$guidproj2$}.Release|Any CPU.ActiveCfg = Release|Any CPU
		{$guidproj2$}.Release|Any CPU.Build.0 = Release|Any CPU
		{$guidproj3$}.Debug|Any CPU.ActiveCfg = Debug|Any CPU
		{$guidproj3$}.Debug|Any CPU.Build.0 = Debug|Any CPU
		{$guidproj3$}.Release|Any CPU.ActiveCfg = Release|Any CPU
		{$guidproj3$}.Release|Any CPU.Build.0 = Release|Any CPU
		{$guidproj4$}.Debug|Any CPU.ActiveCfg = Debug|Any CPU
		{$guidproj4$}.Debug|Any CPU.Build.0 = Debug|Any CPU
		{$guidproj4$}.Release|Any CPU.ActiveCfg = Release|Any CPU
		{$guidproj4$}.Release|Any CPU.Build.0 = Release|Any CPU
	EndGlobalSection
	GlobalSection(SolutionProperties) = preSolution
		HideSolutionNode = FALSE
	EndGlobalSection
EndGlobal
